
Microsoft Visual Studio Solution File, Format Version 12.00
# Visual Studio 15
VisualStudioVersion = 15.0.26730.12
MinimumVisualStudioVersion = 10.0.40219.1
Project("{FAE04EC0-301F-11D3-BF4B-00C04F79EFBC}") = "EPi.Libraries.Commerce.Promotions", "EPi.Libraries.Commerce.Promotions\EPi.Libraries.Commerce.Promotions.csproj", "{138F8F8D-543E-42C8-A31F-B7408F0549C8}"
EndProject
Project("{2150E333-8FDC-42A3-9474-1A3956D46DE8}") = "Solution Files", "Solution Files", "{6269A0FE-4144-4403-A9C2-1136A2A9F89A}"
	ProjectSection(SolutionItems) = preProject
		appveyor.yml = appveyor.yml
		EPi.Libraries.Commerce.Promotions\EPi.Libraries.Commerce.Promotions.nuspec = EPi.Libraries.Commerce.Promotions\EPi.Libraries.Commerce.Promotions.nuspec
		README.md = README.md
		EPi.Libraries.Commerce.Promotions\readme.txt = EPi.Libraries.Commerce.Promotions\readme.txt
	EndProjectSection
EndProject
Project("{2150E333-8FDC-42A3-9474-1A3956D46DE8}") = "SonarQube", "SonarQube", "{D2CA8D14-0D28-4351-B473-188095999274}"
	ProjectSection(SolutionItems) = preProject
		SonarQube\jstemerdink_EPi.Libraries.PromotionsCSharp.ruleset = SonarQube\jstemerdink_EPi.Libraries.PromotionsCSharp.ruleset
		SonarQube\SolutionBinding.sqconfig = SonarQube\SolutionBinding.sqconfig
	EndProjectSection
EndProject
Global
	GlobalSection(SolutionConfigurationPlatforms) = preSolution
		Debug|Any CPU = Debug|Any CPU
		Release|Any CPU = Release|Any CPU
	EndGlobalSection
	GlobalSection(ProjectConfigurationPlatforms) = postSolution
		{138F8F8D-543E-42C8-A31F-B7408F0549C8}.Debug|Any CPU.ActiveCfg = Debug|Any CPU
		{138F8F8D-543E-42C8-A31F-B7408F0549C8}.Debug|Any CPU.Build.0 = Debug|Any CPU
		{138F8F8D-543E-42C8-A31F-B7408F0549C8}.Release|Any CPU.ActiveCfg = Release|Any CPU
		{138F8F8D-543E-42C8-A31F-B7408F0549C8}.Release|Any CPU.Build.0 = Release|Any CPU
	EndGlobalSection
	GlobalSection(SolutionProperties) = preSolution
		HideSolutionNode = FALSE
	EndGlobalSection
	GlobalSection(ExtensibilityGlobals) = postSolution
		SolutionGuid = {7FAB6358-15D6-443A-BA7E-D18D3255FB00}
	EndGlobalSection
EndGlobal
